
Microsoft Visual Studio Solution File, Format Version 12.00
# Visual Studio 15
VisualStudioVersion = 15.0.27703.2042
MinimumVisualStudioVersion = 10.0.40219.1
Project("{FAE04EC0-301F-11D3-BF4B-00C04F79EFBC}") = "TestJenkinsApp", "TestJenkinsApp\TestJenkinsApp.csproj", "{16EF8234-B0F0-42C1-A9D8-EC25A2830DA3}"
EndProject
Project("{9A19103F-16F7-4668-BE54-9A1E7A4F7556}") = "TestJenkinsApp.Test", "TestJenkinsApp.Test\TestJenkinsApp.Test.csproj", "{06A58141-8C80-42BE-A404-D04B656952E4}"
EndProject
Global
	GlobalSection(SolutionConfigurationPlatforms) = preSolution
		Debug|Any CPU = Debug|Any CPU
		Release|Any CPU = Release|Any CPU
	EndGlobalSection
	GlobalSection(ProjectConfigurationPlatforms) = postSolution
		{16EF8234-B0F0-42C1-A9D8-EC25A2830DA3}.Debug|Any CPU.ActiveCfg = Debug|Any CPU
		{16EF8234-B0F0-42C1-A9D8-EC25A2830DA3}.Debug|Any CPU.Build.0 = Debug|Any CPU
		{16EF8234-B0F0-42C1-A9D8-EC25A2830DA3}.Release|Any CPU.ActiveCfg = Release|Any CPU
		{16EF8234-B0F0-42C1-A9D8-EC25A2830DA3}.Release|Any CPU.Build.0 = Release|Any CPU
		{06A58141-8C80-42BE-A404-D04B656952E4}.Debug|Any CPU.ActiveCfg = Debug|Any CPU
		{06A58141-8C80-42BE-A404-D04B656952E4}.Debug|Any CPU.Build.0 = Debug|Any CPU
		{06A58141-8C80-42BE-A404-D04B656952E4}.Release|Any CPU.ActiveCfg = Release|Any CPU
		{06A58141-8C80-42BE-A404-D04B656952E4}.Release|Any CPU.Build.0 = Release|Any CPU
	EndGlobalSection
	GlobalSection(SolutionProperties) = preSolution
		HideSolutionNode = FALSE
	EndGlobalSection
	GlobalSection(ExtensibilityGlobals) = postSolution
		SolutionGuid = {DEC3BE64-66EB-4B45-BD0F-2F89E1CE1372}
	EndGlobalSection
EndGlobal
